
Microsoft Visual Studio Solution File, Format Version 12.00
# Visual Studio Version 17
VisualStudioVersion = 17.3.32929.385
MinimumVisualStudioVersion = 10.0.40219.1
Project("{FAE04EC0-301F-11D3-BF4B-00C04F79EFBC}") = "GeoLocation", "GeoLocation.csproj", "{55B22EB1-5495-4251-B92A-88A9E36A2AAF}"
EndProject
Global
	GlobalSection(SolutionConfigurationPlatforms) = preSolution
		Debug|Any CPU = Debug|Any CPU
		Release|Any CPU = Release|Any CPU
	EndGlobalSection
	GlobalSection(ProjectConfigurationPlatforms) = postSolution
		{55B22EB1-5495-4251-B92A-88A9E36A2AAF}.Debug|Any CPU.ActiveCfg = Debug|Any CPU
		{55B22EB1-5495-4251-B92A-88A9E36A2AAF}.Debug|Any CPU.Build.0 = Debug|Any CPU
		{55B22EB1-5495-4251-B92A-88A9E36A2AAF}.Release|Any CPU.ActiveCfg = Release|Any CPU
		{55B22EB1-5495-4251-B92A-88A9E36A2AAF}.Release|Any CPU.Build.0 = Release|Any CPU
	EndGlobalSection
	GlobalSection(SolutionProperties) = preSolution
		HideSolutionNode = FALSE
	EndGlobalSection
	GlobalSection(ExtensibilityGlobals) = postSolution
		SolutionGuid = {3902E93A-B148-4D08-8023-C464D2420CCD}
	EndGlobalSection
EndGlobal
